
Microsoft Visual Studio Solution File, Format Version 12.00
# Visual Studio Version 17
VisualStudioVersion = 17.4.33403.182
MinimumVisualStudioVersion = 10.0.40219.1
Project("{FAE04EC0-301F-11D3-BF4B-00C04F79EFBC}") = "Payslip", "Payslip\Payslip.csproj", "{BA3029BC-2168-44CD-81F8-369CA58F4FC5}"
EndProject
Global
	GlobalSection(SolutionConfigurationPlatforms) = preSolution
		Debug|Any CPU = Debug|Any CPU
		Release|Any CPU = Release|Any CPU
	EndGlobalSection
	GlobalSection(ProjectConfigurationPlatforms) = postSolution
		{BA3029BC-2168-44CD-81F8-369CA58F4FC5}.Debug|Any CPU.ActiveCfg = Debug|Any CPU
		{BA3029BC-2168-44CD-81F8-369CA58F4FC5}.Debug|Any CPU.Build.0 = Debug|Any CPU
		{BA3029BC-2168-44CD-81F8-369CA58F4FC5}.Release|Any CPU.ActiveCfg = Release|Any CPU
		{BA3029BC-2168-44CD-81F8-369CA58F4FC5}.Release|Any CPU.Build.0 = Release|Any CPU
	EndGlobalSection
	GlobalSection(SolutionProperties) = preSolution
		HideSolutionNode = FALSE
	EndGlobalSection
	GlobalSection(ExtensibilityGlobals) = postSolution
		SolutionGuid = {9B436215-8712-4287-8B5E-97CA8F61FF6A}
	EndGlobalSection
EndGlobal
